
Microsoft Visual Studio Solution File, Format Version 12.00
# Visual Studio Version 17
VisualStudioVersion = 17.0.31611.283
MinimumVisualStudioVersion = 10.0.40219.1
Project("{9A19103F-16F7-4668-BE54-9A1E7A4F7556}") = "FrontEndNetMaui", "FrontEndNetMaui\FrontEndNetMaui.csproj", "{C2A40E8A-635D-482D-AD24-973214AC832F}"
EndProject
Project("{9A19103F-16F7-4668-BE54-9A1E7A4F7556}") = "MailProviderService", "MailProviderService\MailProviderService.csproj", "{9F28F927-4EAD-4265-82EB-69C182EC38E7}"
EndProject
Project("{9A19103F-16F7-4668-BE54-9A1E7A4F7556}") = "MailCollectorService", "MailCollectorService\MailCollectorService.csproj", "{A5115B31-BF2A-4E16-888E-550B6B6CA5E1}"
EndProject
Project("{9A19103F-16F7-4668-BE54-9A1E7A4F7556}") = "APIGateway", "APIGateway\APIGateway.csproj", "{8AAF43AE-1FBB-41CE-9061-E6F36AEDB2A7}"
EndProject
Project("{2150E333-8FDC-42A3-9474-1A3956D46DE8}") = "Tests", "Tests", "{ED4BAFF5-0C81-4038-BB12-787217D7C4C3}"
EndProject
Project("{9A19103F-16F7-4668-BE54-9A1E7A4F7556}") = "FrontEndNetMauiTests", "UnitTests\FrontEndNetMauiTests\FrontEndNetMauiTests.csproj", "{4E83B529-F587-4752-B29B-F54D58497417}"
EndProject
Project("{9A19103F-16F7-4668-BE54-9A1E7A4F7556}") = "FrontEndConsole", "FrontEndConsole\FrontEndConsole.csproj", "{D2BE030E-80DC-450E-9F5F-E7AE21304206}"
EndProject
Project("{9A19103F-16F7-4668-BE54-9A1E7A4F7556}") = "MailCollectorServiceTests", "UnitTests\MailCollectorServiceTests\MailCollectorServiceTests.csproj", "{2DE15E69-FDA4-4122-B487-A28CC4F9FDA9}"
EndProject
Project("{2150E333-8FDC-42A3-9474-1A3956D46DE8}") = "Solution Items", "Solution Items", "{CF31459A-DABB-4910-AC2A-25B202064416}"
	ProjectSection(SolutionItems) = preProject
		.gitignore = .gitignore
		README.md = README.md
	EndProjectSection
EndProject
Project("{9A19103F-16F7-4668-BE54-9A1E7A4F7556}") = "ApiGatewayTests", "UnitTests\ApiGatewayTests\ApiGatewayTests.csproj", "{70CDEA45-2E60-418A-A111-D69DEAB0FE33}"
EndProject
Project("{FAE04EC0-301F-11D3-BF4B-00C04F79EFBC}") = "MailProviderServiceTests", "UnitTests\MailProviderServiceTests\MailProviderServiceTests.csproj", "{B5217D33-4953-46BA-9A6E-12B93E5C9C4F}"
Project("{FAE04EC0-301F-11D3-BF4B-00C04F79EFBC}") = "EmailCleaner.Client", "EmailCleaner.Client\EmailCleaner.Client.csproj", "{080AE53E-7795-418B-BA03-EA803AED325F}"
EndProject
Global
	GlobalSection(SolutionConfigurationPlatforms) = preSolution
		Debug|Any CPU = Debug|Any CPU
		Release|Any CPU = Release|Any CPU
	EndGlobalSection
	GlobalSection(ProjectConfigurationPlatforms) = postSolution
		{C2A40E8A-635D-482D-AD24-973214AC832F}.Debug|Any CPU.ActiveCfg = Debug|Any CPU
		{C2A40E8A-635D-482D-AD24-973214AC832F}.Debug|Any CPU.Build.0 = Debug|Any CPU
		{C2A40E8A-635D-482D-AD24-973214AC832F}.Debug|Any CPU.Deploy.0 = Debug|Any CPU
		{C2A40E8A-635D-482D-AD24-973214AC832F}.Release|Any CPU.ActiveCfg = Release|Any CPU
		{C2A40E8A-635D-482D-AD24-973214AC832F}.Release|Any CPU.Build.0 = Release|Any CPU
		{C2A40E8A-635D-482D-AD24-973214AC832F}.Release|Any CPU.Deploy.0 = Release|Any CPU
		{9F28F927-4EAD-4265-82EB-69C182EC38E7}.Debug|Any CPU.ActiveCfg = Debug|Any CPU
		{9F28F927-4EAD-4265-82EB-69C182EC38E7}.Debug|Any CPU.Build.0 = Debug|Any CPU
		{9F28F927-4EAD-4265-82EB-69C182EC38E7}.Release|Any CPU.ActiveCfg = Release|Any CPU
		{9F28F927-4EAD-4265-82EB-69C182EC38E7}.Release|Any CPU.Build.0 = Release|Any CPU
		{A5115B31-BF2A-4E16-888E-550B6B6CA5E1}.Debug|Any CPU.ActiveCfg = Debug|Any CPU
		{A5115B31-BF2A-4E16-888E-550B6B6CA5E1}.Debug|Any CPU.Build.0 = Debug|Any CPU
		{A5115B31-BF2A-4E16-888E-550B6B6CA5E1}.Release|Any CPU.ActiveCfg = Release|Any CPU
		{A5115B31-BF2A-4E16-888E-550B6B6CA5E1}.Release|Any CPU.Build.0 = Release|Any CPU
		{8AAF43AE-1FBB-41CE-9061-E6F36AEDB2A7}.Debug|Any CPU.ActiveCfg = Debug|Any CPU
		{8AAF43AE-1FBB-41CE-9061-E6F36AEDB2A7}.Debug|Any CPU.Build.0 = Debug|Any CPU
		{8AAF43AE-1FBB-41CE-9061-E6F36AEDB2A7}.Release|Any CPU.ActiveCfg = Release|Any CPU
		{8AAF43AE-1FBB-41CE-9061-E6F36AEDB2A7}.Release|Any CPU.Build.0 = Release|Any CPU
		{4E83B529-F587-4752-B29B-F54D58497417}.Debug|Any CPU.ActiveCfg = Debug|Any CPU
		{4E83B529-F587-4752-B29B-F54D58497417}.Debug|Any CPU.Build.0 = Debug|Any CPU
		{4E83B529-F587-4752-B29B-F54D58497417}.Release|Any CPU.ActiveCfg = Release|Any CPU
		{4E83B529-F587-4752-B29B-F54D58497417}.Release|Any CPU.Build.0 = Release|Any CPU
		{D2BE030E-80DC-450E-9F5F-E7AE21304206}.Debug|Any CPU.ActiveCfg = Debug|Any CPU
		{D2BE030E-80DC-450E-9F5F-E7AE21304206}.Debug|Any CPU.Build.0 = Debug|Any CPU
		{D2BE030E-80DC-450E-9F5F-E7AE21304206}.Release|Any CPU.ActiveCfg = Release|Any CPU
		{D2BE030E-80DC-450E-9F5F-E7AE21304206}.Release|Any CPU.Build.0 = Release|Any CPU
		{2DE15E69-FDA4-4122-B487-A28CC4F9FDA9}.Debug|Any CPU.ActiveCfg = Debug|Any CPU
		{2DE15E69-FDA4-4122-B487-A28CC4F9FDA9}.Debug|Any CPU.Build.0 = Debug|Any CPU
		{2DE15E69-FDA4-4122-B487-A28CC4F9FDA9}.Release|Any CPU.ActiveCfg = Release|Any CPU
		{2DE15E69-FDA4-4122-B487-A28CC4F9FDA9}.Release|Any CPU.Build.0 = Release|Any CPU
		{70CDEA45-2E60-418A-A111-D69DEAB0FE33}.Debug|Any CPU.ActiveCfg = Debug|Any CPU
		{70CDEA45-2E60-418A-A111-D69DEAB0FE33}.Debug|Any CPU.Build.0 = Debug|Any CPU
		{70CDEA45-2E60-418A-A111-D69DEAB0FE33}.Release|Any CPU.ActiveCfg = Release|Any CPU
		{70CDEA45-2E60-418A-A111-D69DEAB0FE33}.Release|Any CPU.Build.0 = Release|Any CPU
		{B5217D33-4953-46BA-9A6E-12B93E5C9C4F}.Debug|Any CPU.ActiveCfg = Debug|Any CPU
		{B5217D33-4953-46BA-9A6E-12B93E5C9C4F}.Debug|Any CPU.Build.0 = Debug|Any CPU
		{B5217D33-4953-46BA-9A6E-12B93E5C9C4F}.Release|Any CPU.ActiveCfg = Release|Any CPU
		{B5217D33-4953-46BA-9A6E-12B93E5C9C4F}.Release|Any CPU.Build.0 = Release|Any CPU
		{080AE53E-7795-418B-BA03-EA803AED325F}.Debug|Any CPU.ActiveCfg = Debug|Any CPU
		{080AE53E-7795-418B-BA03-EA803AED325F}.Debug|Any CPU.Build.0 = Debug|Any CPU
		{080AE53E-7795-418B-BA03-EA803AED325F}.Release|Any CPU.ActiveCfg = Release|Any CPU
		{080AE53E-7795-418B-BA03-EA803AED325F}.Release|Any CPU.Build.0 = Release|Any CPU
	EndGlobalSection
	GlobalSection(SolutionProperties) = preSolution
		HideSolutionNode = FALSE
	EndGlobalSection
	GlobalSection(NestedProjects) = preSolution
		{4E83B529-F587-4752-B29B-F54D58497417} = {ED4BAFF5-0C81-4038-BB12-787217D7C4C3}
		{2DE15E69-FDA4-4122-B487-A28CC4F9FDA9} = {ED4BAFF5-0C81-4038-BB12-787217D7C4C3}
		{70CDEA45-2E60-418A-A111-D69DEAB0FE33} = {ED4BAFF5-0C81-4038-BB12-787217D7C4C3}
		{B5217D33-4953-46BA-9A6E-12B93E5C9C4F} = {ED4BAFF5-0C81-4038-BB12-787217D7C4C3}
	EndGlobalSection
	GlobalSection(ExtensibilityGlobals) = postSolution
		SolutionGuid = {61F7FB11-1E47-470C-91E2-47F8143E1572}
	EndGlobalSection
EndGlobal
